<?xml version="1.0" encoding="utf-8"?>
<Project ToolsVersion="4.0" xmlns="http://schemas.microsoft.com/developer/msbuild/2003">
  <ItemGroup>
    <Filter Include="Sensor">
      <UniqueIdentifier>{939e7cfd-ec47-473a-89ef-57c99a386a41}</UniqueIdentifier>
    </Filter>
    <Filter Include="Storage&amp;Visual">
      <UniqueIdentifier>{5032a963-7462-4b67-8f18-939668082c38}</UniqueIdentifier>
    </Filter>
    <Filter Include="Decoder">
      <UniqueIdentifier>{dd00e7b5-01e7-4b11-843d-27e6f8cdc6c8}</UniqueIdentifier>
    </Filter>
    <Filter Include="Global">
      <UniqueIdentifier>{f2ed2856-9ba8-4403-ac2e-fce9799ae7e8}</UniqueIdentifier>
    </Filter>
    <Filter Include="Other">
      <UniqueIdentifier>{e5512bae-70b5-47a1-bb18-f1c686872dfd}</UniqueIdentifier>
    </Filter>
  </ItemGroup>
  <ItemGroup>
    <ClCompile Include="cam_manager.cpp">
      <Filter>Sensor</Filter>
    </ClCompile>
    <ClCompile Include="pro_manager.cpp">
      <Filter>Sensor</Filter>
    </ClCompile>
    <ClCompile Include="sensor_manager.cpp">
      <Filter>Sensor</Filter>
    </ClCompile>
    <ClCompile Include="storage_mod.cpp">
      <Filter>Storage&amp;Visual</Filter>
    </ClCompile>
    <ClCompile Include="visual_mod.cpp">
      <Filter>Storage&amp;Visual</Filter>
    </ClCompile>
    <ClCompile Include="gray_decoder.cpp">
      <Filter>Decoder</Filter>
    </ClCompile>
    <ClCompile Include="phase_decoder.cpp">
      <Filter>Decoder</Filter>
    </ClCompile>
    <ClCompile Include="static_para.cpp">
      <Filter>Global</Filter>
    </ClCompile>
    <ClCompile Include="global_fun.cpp">
      <Filter>Global</Filter>
    </ClCompile>
    <ClCompile Include="data_collector.cpp">
      <Filter>Other</Filter>
    </ClCompile>
    <ClCompile Include="main.cpp">
      <Filter>Other</Filter>
    </ClCompile>
  </ItemGroup>
  <ItemGroup>
    <ClInclude Include="cam_manager.h">
      <Filter>Sensor</Filter>
    </ClInclude>
    <ClInclude Include="pro_manager.h">
      <Filter>Sensor</Filter>
    </ClInclude>
    <ClInclude Include="sensor_manager.h">
      <Filter>Sensor</Filter>
    </ClInclude>
    <ClInclude Include="storage_mod.h">
      <Filter>Storage&amp;Visual</Filter>
    </ClInclude>
    <ClInclude Include="visual_mod.h">
      <Filter>Storage&amp;Visual</Filter>
    </ClInclude>
    <ClInclude Include="gray_decoder.h">
      <Filter>Decoder</Filter>
    </ClInclude>
    <ClInclude Include="phase_decoder.h">
      <Filter>Decoder</Filter>
    </ClInclude>
    <ClInclude Include="global_fun.h">
      <Filter>Global</Filter>
    </ClInclude>
    <ClInclude Include="static_para.h">
      <Filter>Global</Filter>
    </ClInclude>
    <ClInclude Include="data_collector.h">
      <Filter>Other</Filter>
    </ClInclude>
  </ItemGroup>
</Project>